// !$*UTF8*$!
{
	archiveVersion = 1;
	classes = {
	};
	objectVersion = 50;
	objects = {

/* Begin PBXBuildFile section */
		5805676325EC0578000B98EB /* AppDelegate.swift in Sources */ = {isa = PBXBuildFile; fileRef = 5805676225EC0578000B98EB /* AppDelegate.swift */; };
		5805676525EC0578000B98EB /* SceneDelegate.swift in Sources */ = {isa = PBXBuildFile; fileRef = 5805676425EC0578000B98EB /* SceneDelegate.swift */; };
		5805676725EC0578000B98EB /* ViewController.swift in Sources */ = {isa = PBXBuildFile; fileRef = 5805676625EC0578000B98EB /* ViewController.swift */; };
		5805676A25EC0578000B98EB /* Main.storyboard in Resources */ = {isa = PBXBuildFile; fileRef = 5805676825EC0578000B98EB /* Main.storyboard */; };
		5805676C25EC057F000B98EB /* Assets.xcassets in Resources */ = {isa = PBXBuildFile; fileRef = 5805676B25EC057F000B98EB /* Assets.xcassets */; };
		5805676F25EC057F000B98EB /* LaunchScreen.storyboard in Resources */ = {isa = PBXBuildFile; fileRef = 5805676D25EC057F000B98EB /* LaunchScreen.storyboard */; };
		5805677A25EC057F000B98EB /* DatePickerAppTests.swift in Sources */ = {isa = PBXBuildFile; fileRef = 5805677925EC057F000B98EB /* DatePickerAppTests.swift */; };
		5805678525EC057F000B98EB /* DatePickerAppUITests.swift in Sources */ = {isa = PBXBuildFile; fileRef = 5805678425EC057F000B98EB /* DatePickerAppUITests.swift */; };
/* End PBXBuildFile section */

/* Begin PBXContainerItemProxy section */
		5805677625EC057F000B98EB /* PBXContainerItemProxy */ = {
			isa = PBXContainerItemProxy;
			containerPortal = 5805675725EC0577000B98EB /* Project object */;
			proxyType = 1;
			remoteGlobalIDString = 5805675E25EC0577000B98EB;
			remoteInfo = DatePickerApp;
		};
		5805678125EC057F000B98EB /* PBXContainerItemProxy */ = {
			isa = PBXContainerItemProxy;
			containerPortal = 5805675725EC0577000B98EB /* Project object */;
			proxyType = 1;
			remoteGlobalIDString = 5805675E25EC0577000B98EB;
			remoteInfo = DatePickerApp;
		};
/* End PBXContainerItemProxy section */

/* Begin PBXFileReference section */
		5805675F25EC0577000B98EB /* DatePickerApp.app */ = {isa = PBXFileReference; explicitFileType = wrapper.application; includeInIndex = 0; path = DatePickerApp.app; sourceTree = BUILT_PRODUCTS_DIR; };
		5805676225EC0578000B98EB /* AppDelegate.swift */ = {isa = PBXFileReference; lastKnownFileType = sourcecode.swift; path = AppDelegate.swift; sourceTree = "<group>"; };
		5805676425EC0578000B98EB /* SceneDelegate.swift */ = {isa = PBXFileReference; lastKnownFileType = sourcecode.swift; path = SceneDelegate.swift; sourceTree = "<group>"; };
		5805676625EC0578000B98EB /* ViewController.swift */ = {isa = PBXFileReference; lastKnownFileType = sourcecode.swift; path = ViewController.swift; sourceTree = "<group>"; };
		5805676925EC0578000B98EB /* Base */ = {isa = PBXFileReference; lastKnownFileType = file.storyboard; name = Base; path = Base.lproj/Main.storyboard; sourceTree = "<group>"; };
		5805676B25EC057F000B98EB /* Assets.xcassets */ = {isa = PBXFileReference; lastKnownFileType = folder.assetcatalog; path = Assets.xcassets; sourceTree = "<group>"; };
		5805676E25EC057F000B98EB /* Base */ = {isa = PBXFileReference; lastKnownFileType = file.storyboard; name = Base; path = Base.lproj/LaunchScreen.storyboard; sourceTree = "<group>"; };
		5805677025EC057F000B98EB /* Info.plist */ = {isa = PBXFileReference; lastKnownFileType = text.plist.xml; path = Info.plist; sourceTree = "<group>"; };
		5805677525EC057F000B98EB /* DatePickerAppTests.xctest */ = {isa = PBXFileReference; explicitFileType = wrapper.cfbundle; includeInIndex = 0; path = DatePickerAppTests.xctest; sourceTree = BUILT_PRODUCTS_DIR; };
		5805677925EC057F000B98EB /* DatePickerAppTests.swift */ = {isa = PBXFileReference; lastKnownFileType = sourcecode.swift; path = DatePickerAppTests.swift; sourceTree = "<group>"; };
		5805677B25EC057F000B98EB /* Info.plist */ = {isa = PBXFileReference; lastKnownFileType = text.plist.xml; path = Info.plist; sourceTree = "<group>"; };
		5805678025EC057F000B98EB /* DatePickerAppUITests.xctest */ = {isa = PBXFileReference; explicitFileType = wrapper.cfbundle; includeInIndex = 0; path = DatePickerAppUITests.xctest; sourceTree = BUILT_PRODUCTS_DIR; };
		5805678425EC057F000B98EB /* DatePickerAppUITests.swift */ = {isa = PBXFileReference; lastKnownFileType = sourcecode.swift; path = DatePickerAppUITests.swift; sourceTree = "<group>"; };
		5805678625EC057F000B98EB /* Info.plist */ = {isa = PBXFileReference; lastKnownFileType = text.plist.xml; path = Info.plist; sourceTree = "<group>"; };
/* End PBXFileReference section */

/* Begin PBXFrameworksBuildPhase section */
		5805675C25EC0577000B98EB /* Frameworks */ = {
			isa = PBXFrameworksBuildPhase;
			buildActionMask = 2147483647;
			files = (
			);
			runOnlyForDeploymentPostprocessing = 0;
		};
		5805677225EC057F000B98EB /* Frameworks */ = {
			isa = PBXFrameworksBuildPhase;
			buildActionMask = 2147483647;
			files = (
			);
			runOnlyForDeploymentPostprocessing = 0;
		};
		5805677D25EC057F000B98EB /* Frameworks */ = {
			isa = PBXFrameworksBuildPhase;
			buildActionMask = 2147483647;
			files = (
			);
			runOnlyForDeploymentPostprocessing = 0;
		};
/* End PBXFrameworksBuildPhase section */

/* Begin PBXGroup section */
		5805675625EC0577000B98EB = {
			isa = PBXGroup;
			children = (
				5805676125EC0577000B98EB /* DatePickerApp */,
				5805677825EC057F000B98EB /* DatePickerAppTests */,
				5805678325EC057F000B98EB /* DatePickerAppUITests */,
				5805676025EC0577000B98EB /* Products */,
			);
			sourceTree = "<group>";
		};
		5805676025EC0577000B98EB /* Products */ = {
			isa = PBXGroup;
			children = (
				5805675F25EC0577000B98EB /* DatePickerApp.app */,
				5805677525EC057F000B98EB /* DatePickerAppTests.xctest */,
				5805678025EC057F000B98EB /* DatePickerAppUITests.xctest */,
			);
			name = Products;
			sourceTree = "<group>";
		};
		5805676125EC0577000B98EB /* DatePickerApp */ = {
			isa = PBXGroup;
			children = (
				5805676225EC0578000B98EB /* AppDelegate.swift */,
				5805676425EC0578000B98EB /* SceneDelegate.swift */,
				5805676625EC0578000B98EB /* ViewController.swift */,
				5805676825EC0578000B98EB /* Main.storyboard */,
				5805676B25EC057F000B98EB /* Assets.xcassets */,
				5805676D25EC057F000B98EB /* LaunchScreen.storyboard */,
				5805677025EC057F000B98EB /* Info.plist */,
			);
			path = DatePickerApp;
			sourceTree = "<group>";
		};
		5805677825EC057F000B98EB /* DatePickerAppTests */ = {
			isa = PBXGroup;
			children = (
				5805677925EC057F000B98EB /* DatePickerAppTests.swift */,
				5805677B25EC057F000B98EB /* Info.plist */,
			);
			path = DatePickerAppTests;
			sourceTree = "<group>";
		};
		5805678325EC057F000B98EB /* DatePickerAppUITests */ = {
			isa = PBXGroup;
			children = (
				5805678425EC057F000B98EB /* DatePickerAppUITests.swift */,
				5805678625EC057F000B98EB /* Info.plist */,
			);
			path = DatePickerAppUITests;
			sourceTree = "<group>";
		};
/* End PBXGroup section */

/* Begin PBXNativeTarget section */
		5805675E25EC0577000B98EB /* DatePickerApp */ = {
			isa = PBXNativeTarget;
			buildConfigurationList = 5805678925EC057F000B98EB /* Build configuration list for PBXNativeTarget "DatePickerApp" */;
			buildPhases = (
				5805675B25EC0577000B98EB /* Sources */,
				5805675C25EC0577000B98EB /* Frameworks */,
				5805675D25EC0577000B98EB /* Resources */,
			);
			buildRules = (
			);
			dependencies = (
			);
			name = DatePickerApp;
			productName = DatePickerApp;
			productReference = 5805675F25EC0577000B98EB /* DatePickerApp.app */;
			productType = "com.apple.product-type.application";
		};
		5805677425EC057F000B98EB /* DatePickerAppTests */ = {
			isa = PBXNativeTarget;
			buildConfigurationList = 5805678C25EC057F000B98EB /* Build configuration list for PBXNativeTarget "DatePickerAppTests" */;
			buildPhases = (
				5805677125EC057F000B98EB /* Sources */,
				5805677225EC057F000B98EB /* Frameworks */,
				5805677325EC057F000B98EB /* Resources */,
			);
			buildRules = (
			);
			dependencies = (
				5805677725EC057F000B98EB /* PBXTargetDependency */,
			);
			name = DatePickerAppTests;
			productName = DatePickerAppTests;
			productReference = 5805677525EC057F000B98EB /* DatePickerAppTests.xctest */;
			productType = "com.apple.product-type.bundle.unit-test";
		};
		5805677F25EC057F000B98EB /* DatePickerAppUITests */ = {
			isa = PBXNativeTarget;
			buildConfigurationList = 5805678F25EC057F000B98EB /* Build configuration list for PBXNativeTarget "DatePickerAppUITests" */;
			buildPhases = (
				5805677C25EC057F000B98EB /* Sources */,
				5805677D25EC057F000B98EB /* Frameworks */,
				5805677E25EC057F000B98EB /* Resources */,
			);
			buildRules = (
			);
			dependencies = (
				5805678225EC057F000B98EB /* PBXTargetDependency */,
			);
			name = DatePickerAppUITests;
			productName = DatePickerAppUITests;
			productReference = 5805678025EC057F000B98EB /* DatePickerAppUITests.xctest */;
			productType = "com.apple.product-type.bundle.ui-testing";
		};
/* End PBXNativeTarget section */

/* Begin PBXProject section */
		5805675725EC0577000B98EB /* Project object */ = {
			isa = PBXProject;
			attributes = {
				LastSwiftUpdateCheck = 1120;
				LastUpgradeCheck = 1120;
				ORGANIZATIONNAME = "Jim Brown";
				TargetAttributes = {
					5805675E25EC0577000B98EB = {
						CreatedOnToolsVersion = 11.2.1;
					};
					5805677425EC057F000B98EB = {
						CreatedOnToolsVersion = 11.2.1;
						TestTargetID = 5805675E25EC0577000B98EB;
					};
					5805677F25EC057F000B98EB = {
						CreatedOnToolsVersion = 11.2.1;
						TestTargetID = 5805675E25EC0577000B98EB;
					};
				};
			};
			buildConfigurationList = 5805675A25EC0577000B98EB /* Build configuration list for PBXProject "DatePickerApp" */;
			compatibilityVersion = "Xcode 9.3";
			developmentRegion = en;
			hasScannedForEncodings = 0;
			knownRegions = (
				en,
				Base,
			);
			mainGroup = 5805675625EC0577000B98EB;
			productRefGroup = 5805676025EC0577000B98EB /* Products */;
			projectDirPath = "";
			projectRoot = "";
			targets = (
				5805675E25EC0577000B98EB /* DatePickerApp */,
				5805677425EC057F000B98EB /* DatePickerAppTests */,
				5805677F25EC057F000B98EB /* DatePickerAppUITests */,
			);
		};
/* End PBXProject section */

/* Begin PBXResourcesBuildPhase section */
		5805675D25EC0577000B98EB /* Resources */ = {
			isa = PBXResourcesBuildPhase;
			buildActionMask = 2147483647;
			files = (
				5805676F25EC057F000B98EB /* LaunchScreen.storyboard in Resources */,
				5805676C25EC057F000B98EB /* Assets.xcassets in Resources */,
				5805676A25EC0578000B98EB /* Main.storyboard in Resources */,
			);
			runOnlyForDeploymentPostprocessing = 0;
		};
		5805677325EC057F000B98EB /* Resources */ = {
			isa = PBXResourcesBuildPhase;
			buildActionMask = 2147483647;
			files = (
			);
			runOnlyForDeploymentPostprocessing = 0;
		};
		5805677E25EC057F000B98EB /* Resources */ = {
			isa = PBXResourcesBuildPhase;
			buildActionMask = 2147483647;
			files = (
			);
			runOnlyForDeploymentPostprocessing = 0;
		};
/* End PBXResourcesBuildPhase section */

/* Begin PBXSourcesBuildPhase section */
		5805675B25EC0577000B98EB /* Sources */ = {
			isa = PBXSourcesBuildPhase;
			buildActionMask = 2147483647;
			files = (
				5805676725EC0578000B98EB /* ViewController.swift in Sources */,
				5805676325EC0578000B98EB /* AppDelegate.swift in Sources */,
				5805676525EC0578000B98EB /* SceneDelegate.swift in Sources */,
			);
			runOnlyForDeploymentPostprocessing = 0;
		};
		5805677125EC057F000B98EB /* Sources */ = {
			isa = PBXSourcesBuildPhase;
			buildActionMask = 2147483647;
			files = (
				5805677A25EC057F000B98EB /* DatePickerAppTests.swift in Sources */,
			);
			runOnlyForDeploymentPostprocessing = 0;
		};
		5805677C25EC057F000B98EB /* Sources */ = {
			isa = PBXSourcesBuildPhase;
			buildActionMask = 2147483647;
			files = (
				5805678525EC057F000B98EB /* DatePickerAppUITests.swift in Sources */,
			);
			runOnlyForDeploymentPostprocessing = 0;
		};
/* End PBXSourcesBuildPhase section */

/* Begin PBXTargetDependency section */
		5805677725EC057F000B98EB /* PBXTargetDependency */ = {
			isa = PBXTargetDependency;
			target = 5805675E25EC0577000B98EB /* DatePickerApp */;
			targetProxy = 5805677625EC057F000B98EB /* PBXContainerItemProxy */;
		};
		5805678225EC057F000B98EB /* PBXTargetDependency */ = {
			isa = PBXTargetDependency;
			target = 5805675E25EC0577000B98EB /* DatePickerApp */;
			targetProxy = 5805678125EC057F000B98EB /* PBXContainerItemProxy */;
		};
/* End PBXTargetDependency section */

/* Begin PBXVariantGroup section */
		5805676825EC0578000B98EB /* Main.storyboard */ = {
			isa = PBXVariantGroup;
			children = (
				5805676925EC0578000B98EB /* Base */,
			);
			name = Main.storyboard;
			sourceTree = "<group>";
		};
		5805676D25EC057F000B98EB /* LaunchScreen.storyboard */ = {
			isa = PBXVariantGroup;
			children = (
				5805676E25EC057F000B98EB /* Base */,
			);
			name = LaunchScreen.storyboard;
			sourceTree = "<group>";
		};
/* End PBXVariantGroup section */

/* Begin XCBuildConfiguration section */
		5805678725EC057F000B98EB /* Debug */ = {
			isa = XCBuildConfiguration;
			buildSettings = {
				ALWAYS_SEARCH_USER_PATHS = NO;
				CLANG_ANALYZER_NONNULL = YES;
				CLANG_ANALYZER_NUMBER_OBJECT_CONVERSION = YES_AGGRESSIVE;
				CLANG_CXX_LANGUAGE_STANDARD = "gnu++14";
				CLANG_CXX_LIBRARY = "libc++";
				CLANG_ENABLE_MODULES = YES;
				CLANG_ENABLE_OBJC_ARC = YES;
				CLANG_ENABLE_OBJC_WEAK = YES;
				CLANG_WARN_BLOCK_CAPTURE_AUTORELEASING = YES;
				CLANG_WARN_BOOL_CONVERSION = YES;
				CLANG_WARN_COMMA = YES;
				CLANG_WARN_CONSTANT_CONVERSION = YES;
				CLANG_WARN_DEPRECATED_OBJC_IMPLEMENTATIONS = YES;
				CLANG_WARN_DIRECT_OBJC_ISA_USAGE = YES_ERROR;
				CLANG_WARN_DOCUMENTATION_COMMENTS = YES;
				CLANG_WARN_EMPTY_BODY = YES;
				CLANG_WARN_ENUM_CONVERSION = YES;
				CLANG_WARN_INFINITE_RECURSION = YES;
				CLANG_WARN_INT_CONVERSION = YES;
				CLANG_WARN_NON_LITERAL_NULL_CONVERSION = YES;
				CLANG_WARN_OBJC_IMPLICIT_RETAIN_SELF = YES;
				CLANG_WARN_OBJC_LITERAL_CONVERSION = YES;
				CLANG_WARN_OBJC_ROOT_CLASS = YES_ERROR;
				CLANG_WARN_RANGE_LOOP_ANALYSIS = YES;
				CLANG_WARN_STRICT_PROTOTYPES = YES;
				CLANG_WARN_SUSPICIOUS_MOVE = YES;
				CLANG_WARN_UNGUARDED_AVAILABILITY = YES_AGGRESSIVE;
				CLANG_WARN_UNREACHABLE_CODE = YES;
				CLANG_WARN__DUPLICATE_METHOD_MATCH = YES;
				COPY_PHASE_STRIP = NO;
				DEBUG_INFORMATION_FORMAT = dwarf;
				ENABLE_STRICT_OBJC_MSGSEND = YES;
				ENABLE_TESTABILITY = YES;
				GCC_C_LANGUAGE_STANDARD = gnu11;
				GCC_DYNAMIC_NO_PIC = NO;
				GCC_NO_COMMON_BLOCKS = YES;
				GCC_OPTIMIZATION_LEVEL = 0;
				GCC_PREPROCESSOR_DEFINITIONS = (
					"DEBUG=1",
					"$(inherited)",
				);
				GCC_WARN_64_TO_32_BIT_CONVERSION = YES;
				GCC_WARN_ABOUT_RETURN_TYPE = YES_ERROR;
				GCC_WARN_UNDECLARED_SELECTOR = YES;
				GCC_WARN_UNINITIALIZED_AUTOS = YES_AGGRESSIVE;
				GCC_WARN_UNUSED_FUNCTION = YES;
				GCC_WARN_UNUSED_VARIABLE = YES;
				IPHONEOS_DEPLOYMENT_TARGET = 13.2;
				MTL_ENABLE_DEBUG_INFO = INCLUDE_SOURCE;
				MTL_FAST_MATH = YES;
				ONLY_ACTIVE_ARCH = YES;
				SDKROOT = iphoneos;
				SWIFT_ACTIVE_COMPILATION_CONDITIONS = DEBUG;
				SWIFT_OPTIMIZATION_LEVEL = "-Onone";
			};
			name = Debug;
		};
		5805678825EC057F000B98EB /* Release */ = {
			isa = XCBuildConfiguration;
			buildSettings = {
				ALWAYS_SEARCH_USER_PATHS = NO;
				CLANG_ANALYZER_NONNULL = YES;
				CLANG_ANALYZER_NUMBER_OBJECT_CONVERSION = YES_AGGRESSIVE;
				CLANG_CXX_LANGUAGE_STANDARD = "gnu++14";
				CLANG_CXX_LIBRARY = "libc++";
				CLANG_ENABLE_MODULES = YES;
				CLANG_ENABLE_OBJC_ARC = YES;
				CLANG_ENABLE_OBJC_WEAK = YES;
				CLANG_WARN_BLOCK_CAPTURE_AUTORELEASING = YES;
				CLANG_WARN_BOOL_CONVERSION = YES;
				CLANG_WARN_COMMA = YES;
				CLANG_WARN_CONSTANT_CONVERSION = YES;
				CLANG_WARN_DEPRECATED_OBJC_IMPLEMENTATIONS = YES;
				CLANG_WARN_DIRECT_OBJC_ISA_USAGE = YES_ERROR;
				CLANG_WARN_DOCUMENTATION_COMMENTS = YES;
				CLANG_WARN_EMPTY_BODY = YES;
				CLANG_WARN_ENUM_CONVERSION = YES;
				CLANG_WARN_INFINITE_RECURSION = YES;
				CLANG_WARN_INT_CONVERSION = YES;
				CLANG_WARN_NON_LITERAL_NULL_CONVERSION = YES;
				CLANG_WARN_OBJC_IMPLICIT_RETAIN_SELF = YES;
				CLANG_WARN_OBJC_LITERAL_CONVERSION = YES;
				CLANG_WARN_OBJC_ROOT_CLASS = YES_ERROR;
				CLANG_WARN_RANGE_LOOP_ANALYSIS = YES;
				CLANG_WARN_STRICT_PROTOTYPES = YES;
				CLANG_WARN_SUSPICIOUS_MOVE = YES;
				CLANG_WARN_UNGUARDED_AVAILABILITY = YES_AGGRESSIVE;
				CLANG_WARN_UNREACHABLE_CODE = YES;
				CLANG_WARN__DUPLICATE_METHOD_MATCH = YES;
				COPY_PHASE_STRIP = NO;
				DEBUG_INFORMATION_FORMAT = "dwarf-with-dsym";
				ENABLE_NS_ASSERTIONS = NO;
				ENABLE_STRICT_OBJC_MSGSEND = YES;
				GCC_C_LANGUAGE_STANDARD = gnu11;
				GCC_NO_COMMON_BLOCKS = YES;
				GCC_WARN_64_TO_32_BIT_CONVERSION = YES;
				GCC_WARN_ABOUT_RETURN_TYPE = YES_ERROR;
				GCC_WARN_UNDECLARED_SELECTOR = YES;
				GCC_WARN_UNINITIALIZED_AUTOS = YES_AGGRESSIVE;
				GCC_WARN_UNUSED_FUNCTION = YES;
				GCC_WARN_UNUSED_VARIABLE = YES;
				IPHONEOS_DEPLOYMENT_TARGET = 13.2;
				MTL_ENABLE_DEBUG_INFO = NO;
				MTL_FAST_MATH = YES;
				SDKROOT = iphoneos;
				SWIFT_COMPILATION_MODE = wholemodule;
				SWIFT_OPTIMIZATION_LEVEL = "-O";
				VALIDATE_PRODUCT = YES;
			};
			name = Release;
		};
		5805678A25EC057F000B98EB /* Debug */ = {
			isa = XCBuildConfiguration;
			buildSettings = {
				ASSETCATALOG_COMPILER_APPICON_NAME = AppIcon;
				CODE_SIGN_STYLE = Automatic;
				INFOPLIST_FILE = DatePickerApp/Info.plist;
				LD_RUNPATH_SEARCH_PATHS = (
					"$(inherited)",
					"@executable_path/Frameworks",
				);
				PRODUCT_BUNDLE_IDENTIFIER = com.sps16.DatePickerApp;
				PRODUCT_NAME = "$(TARGET_NAME)";
				SWIFT_VERSION = 5.0;
				TARGETED_DEVICE_FAMILY = "1,2";
			};
			name = Debug;
		};
		5805678B25EC057F000B98EB /* Release */ = {
			isa = XCBuildConfiguration;
			buildSettings = {
				ASSETCATALOG_COMPILER_APPICON_NAME = AppIcon;
				CODE_SIGN_STYLE = Automatic;
				INFOPLIST_FILE = DatePickerApp/Info.plist;
				LD_RUNPATH_SEARCH_PATHS = (
					"$(inherited)",
					"@executable_path/Frameworks",
				);
				PRODUCT_BUNDLE_IDENTIFIER = com.sps16.DatePickerApp;
				PRODUCT_NAME = "$(TARGET_NAME)";
				SWIFT_VERSION = 5.0;
				TARGETED_DEVICE_FAMILY = "1,2";
			};
			name = Release;
		};
		5805678D25EC057F000B98EB /* Debug */ = {
			isa = XCBuildConfiguration;
			buildSettings = {
				ALWAYS_EMBED_SWIFT_STANDARD_LIBRARIES = YES;
				BUNDLE_LOADER = "$(TEST_HOST)";
				CODE_SIGN_STYLE = Automatic;
				INFOPLIST_FILE = DatePickerAppTests/Info.plist;
				IPHONEOS_DEPLOYMENT_TARGET = 13.2;
				LD_RUNPATH_SEARCH_PATHS = (
					"$(inherited)",
					"@executable_path/Frameworks",
					"@loader_path/Frameworks",
				);
				PRODUCT_BUNDLE_IDENTIFIER = com.sps16.DatePickerAppTests;
				PRODUCT_NAME = "$(TARGET_NAME)";
				SWIFT_VERSION = 5.0;
				TARGETED_DEVICE_FAMILY = "1,2";
				TEST_HOST = "$(BUILT_PRODUCTS_DIR)/DatePickerApp.app/DatePickerApp";
			};
			name = Debug;
		};
		5805678E25EC057F000B98EB /* Release */ = {
			isa = XCBuildConfiguration;
			buildSettings = {
				ALWAYS_EMBED_SWIFT_STANDARD_LIBRARIES = YES;
				BUNDLE_LOADER = "$(TEST_HOST)";
				CODE_SIGN_STYLE = Automatic;
				INFOPLIST_FILE = DatePickerAppTests/Info.plist;
				IPHONEOS_DEPLOYMENT_TARGET = 13.2;
				LD_RUNPATH_SEARCH_PATHS = (
					"$(inherited)",
					"@executable_path/Frameworks",
					"@loader_path/Frameworks",
				);
				PRODUCT_BUNDLE_IDENTIFIER = com.sps16.DatePickerAppTests;
				PRODUCT_NAME = "$(TARGET_NAME)";
				SWIFT_VERSION = 5.0;
				TARGETED_DEVICE_FAMILY = "1,2";
				TEST_HOST = "$(BUILT_PRODUCTS_DIR)/DatePickerApp.app/DatePickerApp";
			};
			name = Release;
		};
		5805679025EC057F000B98EB /* Debug */ = {
			isa = XCBuildConfiguration;
			buildSettings = {
				ALWAYS_EMBED_SWIFT_STANDARD_LIBRARIES = YES;
				CODE_SIGN_STYLE = Automatic;
				INFOPLIST_FILE = DatePickerAppUITests/Info.plist;
				LD_RUNPATH_SEARCH_PATHS = (
					"$(inherited)",
					"@executable_path/Frameworks",
					"@loader_path/Frameworks",
				);
				PRODUCT_BUNDLE_IDENTIFIER = com.sps16.DatePickerAppUITests;
				PRODUCT_NAME = "$(TARGET_NAME)";
				SWIFT_VERSION = 5.0;
				TARGETED_DEVICE_FAMILY = "1,2";
				TEST_TARGET_NAME = DatePickerApp;
			};
			name = Debug;
		};
		5805679125EC057F000B98EB /* Release */ = {
			isa = XCBuildConfiguration;
			buildSettings = {
				ALWAYS_EMBED_SWIFT_STANDARD_LIBRARIES = YES;
				CODE_SIGN_STYLE = Automatic;
				INFOPLIST_FILE = DatePickerAppUITests/Info.plist;
				LD_RUNPATH_SEARCH_PATHS = (
					"$(inherited)",
					"@executable_path/Frameworks",
					"@loader_path/Frameworks",
				);
				PRODUCT_BUNDLE_IDENTIFIER = com.sps16.DatePickerAppUITests;
				PRODUCT_NAME = "$(TARGET_NAME)";
				SWIFT_VERSION = 5.0;
				TARGETED_DEVICE_FAMILY = "1,2";
				TEST_TARGET_NAME = DatePickerApp;
			};
			name = Release;
		};
/* End XCBuildConfiguration section */

/* Begin XCConfigurationList section */
		5805675A25EC0577000B98EB /* Build configuration list for PBXProject "DatePickerApp" */ = {
			isa = XCConfigurationList;
			buildConfigurations = (
				5805678725EC057F000B98EB /* Debug */,
				5805678825EC057F000B98EB /* Release */,
			);
			defaultConfigurationIsVisible = 0;
			defaultConfigurationName = Release;
		};
		5805678925EC057F000B98EB /* Build configuration list for PBXNativeTarget "DatePickerApp" */ = {
			isa = XCConfigurationList;
			buildConfigurations = (
				5805678A25EC057F000B98EB /* Debug */,
				5805678B25EC057F000B98EB /* Release */,
			);
			defaultConfigurationIsVisible = 0;
			defaultConfigurationName = Release;
		};
		5805678C25EC057F000B98EB /* Build configuration list for PBXNativeTarget "DatePickerAppTests" */ = {
			isa = XCConfigurationList;
			buildConfigurations = (
				5805678D25EC057F000B98EB /* Debug */,
				5805678E25EC057F000B98EB /* Release */,
			);
			defaultConfigurationIsVisible = 0;
			defaultConfigurationName = Release;
		};
		5805678F25EC057F000B98EB /* Build configuration list for PBXNativeTarget "DatePickerAppUITests" */ = {
			isa = XCConfigurationList;
			buildConfigurations = (
				5805679025EC057F000B98EB /* Debug */,
				5805679125EC057F000B98EB /* Release */,
			);
			defaultConfigurationIsVisible = 0;
			defaultConfigurationName = Release;
		};
/* End XCConfigurationList section */
	};
	rootObject = 5805675725EC0577000B98EB /* Project object */;
}
