// !$*UTF8*$!
{
	archiveVersion = 1;
	classes = {
	};
	objectVersion = 50;
	objects = {

/* Begin PBXBuildFile section */
		58AFE54925F3F8D000CD0170 /* AppDelegate.swift in Sources */ = {isa = PBXBuildFile; fileRef = 58AFE54825F3F8D000CD0170 /* AppDelegate.swift */; };
		58AFE54B25F3F8D000CD0170 /* SceneDelegate.swift in Sources */ = {isa = PBXBuildFile; fileRef = 58AFE54A25F3F8D000CD0170 /* SceneDelegate.swift */; };
		58AFE54D25F3F8D000CD0170 /* ViewController.swift in Sources */ = {isa = PBXBuildFile; fileRef = 58AFE54C25F3F8D000CD0170 /* ViewController.swift */; };
		58AFE55025F3F8D100CD0170 /* Main.storyboard in Resources */ = {isa = PBXBuildFile; fileRef = 58AFE54E25F3F8D100CD0170 /* Main.storyboard */; };
		58AFE55225F3F8D800CD0170 /* Assets.xcassets in Resources */ = {isa = PBXBuildFile; fileRef = 58AFE55125F3F8D800CD0170 /* Assets.xcassets */; };
		58AFE55525F3F8D800CD0170 /* LaunchScreen.storyboard in Resources */ = {isa = PBXBuildFile; fileRef = 58AFE55325F3F8D800CD0170 /* LaunchScreen.storyboard */; };
		58AFE56025F3F8D900CD0170 /* TableViewVisualAppTests.swift in Sources */ = {isa = PBXBuildFile; fileRef = 58AFE55F25F3F8D900CD0170 /* TableViewVisualAppTests.swift */; };
		58AFE56B25F3F8D900CD0170 /* TableViewVisualAppUITests.swift in Sources */ = {isa = PBXBuildFile; fileRef = 58AFE56A25F3F8D900CD0170 /* TableViewVisualAppUITests.swift */; };
/* End PBXBuildFile section */

/* Begin PBXContainerItemProxy section */
		58AFE55C25F3F8D900CD0170 /* PBXContainerItemProxy */ = {
			isa = PBXContainerItemProxy;
			containerPortal = 58AFE53D25F3F8D000CD0170 /* Project object */;
			proxyType = 1;
			remoteGlobalIDString = 58AFE54425F3F8D000CD0170;
			remoteInfo = TableViewVisualApp;
		};
		58AFE56725F3F8D900CD0170 /* PBXContainerItemProxy */ = {
			isa = PBXContainerItemProxy;
			containerPortal = 58AFE53D25F3F8D000CD0170 /* Project object */;
			proxyType = 1;
			remoteGlobalIDString = 58AFE54425F3F8D000CD0170;
			remoteInfo = TableViewVisualApp;
		};
/* End PBXContainerItemProxy section */

/* Begin PBXFileReference section */
		58AFE54525F3F8D000CD0170 /* TableViewVisualApp.app */ = {isa = PBXFileReference; explicitFileType = wrapper.application; includeInIndex = 0; path = TableViewVisualApp.app; sourceTree = BUILT_PRODUCTS_DIR; };
		58AFE54825F3F8D000CD0170 /* AppDelegate.swift */ = {isa = PBXFileReference; lastKnownFileType = sourcecode.swift; path = AppDelegate.swift; sourceTree = "<group>"; };
		58AFE54A25F3F8D000CD0170 /* SceneDelegate.swift */ = {isa = PBXFileReference; lastKnownFileType = sourcecode.swift; path = SceneDelegate.swift; sourceTree = "<group>"; };
		58AFE54C25F3F8D000CD0170 /* ViewController.swift */ = {isa = PBXFileReference; lastKnownFileType = sourcecode.swift; path = ViewController.swift; sourceTree = "<group>"; };
		58AFE54F25F3F8D100CD0170 /* Base */ = {isa = PBXFileReference; lastKnownFileType = file.storyboard; name = Base; path = Base.lproj/Main.storyboard; sourceTree = "<group>"; };
		58AFE55125F3F8D800CD0170 /* Assets.xcassets */ = {isa = PBXFileReference; lastKnownFileType = folder.assetcatalog; path = Assets.xcassets; sourceTree = "<group>"; };
		58AFE55425F3F8D800CD0170 /* Base */ = {isa = PBXFileReference; lastKnownFileType = file.storyboard; name = Base; path = Base.lproj/LaunchScreen.storyboard; sourceTree = "<group>"; };
		58AFE55625F3F8D800CD0170 /* Info.plist */ = {isa = PBXFileReference; lastKnownFileType = text.plist.xml; path = Info.plist; sourceTree = "<group>"; };
		58AFE55B25F3F8D900CD0170 /* TableViewVisualAppTests.xctest */ = {isa = PBXFileReference; explicitFileType = wrapper.cfbundle; includeInIndex = 0; path = TableViewVisualAppTests.xctest; sourceTree = BUILT_PRODUCTS_DIR; };
		58AFE55F25F3F8D900CD0170 /* TableViewVisualAppTests.swift */ = {isa = PBXFileReference; lastKnownFileType = sourcecode.swift; path = TableViewVisualAppTests.swift; sourceTree = "<group>"; };
		58AFE56125F3F8D900CD0170 /* Info.plist */ = {isa = PBXFileReference; lastKnownFileType = text.plist.xml; path = Info.plist; sourceTree = "<group>"; };
		58AFE56625F3F8D900CD0170 /* TableViewVisualAppUITests.xctest */ = {isa = PBXFileReference; explicitFileType = wrapper.cfbundle; includeInIndex = 0; path = TableViewVisualAppUITests.xctest; sourceTree = BUILT_PRODUCTS_DIR; };
		58AFE56A25F3F8D900CD0170 /* TableViewVisualAppUITests.swift */ = {isa = PBXFileReference; lastKnownFileType = sourcecode.swift; path = TableViewVisualAppUITests.swift; sourceTree = "<group>"; };
		58AFE56C25F3F8D900CD0170 /* Info.plist */ = {isa = PBXFileReference; lastKnownFileType = text.plist.xml; path = Info.plist; sourceTree = "<group>"; };
/* End PBXFileReference section */

/* Begin PBXFrameworksBuildPhase section */
		58AFE54225F3F8D000CD0170 /* Frameworks */ = {
			isa = PBXFrameworksBuildPhase;
			buildActionMask = 2147483647;
			files = (
			);
			runOnlyForDeploymentPostprocessing = 0;
		};
		58AFE55825F3F8D900CD0170 /* Frameworks */ = {
			isa = PBXFrameworksBuildPhase;
			buildActionMask = 2147483647;
			files = (
			);
			runOnlyForDeploymentPostprocessing = 0;
		};
		58AFE56325F3F8D900CD0170 /* Frameworks */ = {
			isa = PBXFrameworksBuildPhase;
			buildActionMask = 2147483647;
			files = (
			);
			runOnlyForDeploymentPostprocessing = 0;
		};
/* End PBXFrameworksBuildPhase section */

/* Begin PBXGroup section */
		58AFE53C25F3F8D000CD0170 = {
			isa = PBXGroup;
			children = (
				58AFE54725F3F8D000CD0170 /* TableViewVisualApp */,
				58AFE55E25F3F8D900CD0170 /* TableViewVisualAppTests */,
				58AFE56925F3F8D900CD0170 /* TableViewVisualAppUITests */,
				58AFE54625F3F8D000CD0170 /* Products */,
			);
			sourceTree = "<group>";
		};
		58AFE54625F3F8D000CD0170 /* Products */ = {
			isa = PBXGroup;
			children = (
				58AFE54525F3F8D000CD0170 /* TableViewVisualApp.app */,
				58AFE55B25F3F8D900CD0170 /* TableViewVisualAppTests.xctest */,
				58AFE56625F3F8D900CD0170 /* TableViewVisualAppUITests.xctest */,
			);
			name = Products;
			sourceTree = "<group>";
		};
		58AFE54725F3F8D000CD0170 /* TableViewVisualApp */ = {
			isa = PBXGroup;
			children = (
				58AFE54825F3F8D000CD0170 /* AppDelegate.swift */,
				58AFE54A25F3F8D000CD0170 /* SceneDelegate.swift */,
				58AFE54C25F3F8D000CD0170 /* ViewController.swift */,
				58AFE54E25F3F8D100CD0170 /* Main.storyboard */,
				58AFE55125F3F8D800CD0170 /* Assets.xcassets */,
				58AFE55325F3F8D800CD0170 /* LaunchScreen.storyboard */,
				58AFE55625F3F8D800CD0170 /* Info.plist */,
			);
			path = TableViewVisualApp;
			sourceTree = "<group>";
		};
		58AFE55E25F3F8D900CD0170 /* TableViewVisualAppTests */ = {
			isa = PBXGroup;
			children = (
				58AFE55F25F3F8D900CD0170 /* TableViewVisualAppTests.swift */,
				58AFE56125F3F8D900CD0170 /* Info.plist */,
			);
			path = TableViewVisualAppTests;
			sourceTree = "<group>";
		};
		58AFE56925F3F8D900CD0170 /* TableViewVisualAppUITests */ = {
			isa = PBXGroup;
			children = (
				58AFE56A25F3F8D900CD0170 /* TableViewVisualAppUITests.swift */,
				58AFE56C25F3F8D900CD0170 /* Info.plist */,
			);
			path = TableViewVisualAppUITests;
			sourceTree = "<group>";
		};
/* End PBXGroup section */

/* Begin PBXNativeTarget section */
		58AFE54425F3F8D000CD0170 /* TableViewVisualApp */ = {
			isa = PBXNativeTarget;
			buildConfigurationList = 58AFE56F25F3F8D900CD0170 /* Build configuration list for PBXNativeTarget "TableViewVisualApp" */;
			buildPhases = (
				58AFE54125F3F8D000CD0170 /* Sources */,
				58AFE54225F3F8D000CD0170 /* Frameworks */,
				58AFE54325F3F8D000CD0170 /* Resources */,
			);
			buildRules = (
			);
			dependencies = (
			);
			name = TableViewVisualApp;
			productName = TableViewVisualApp;
			productReference = 58AFE54525F3F8D000CD0170 /* TableViewVisualApp.app */;
			productType = "com.apple.product-type.application";
		};
		58AFE55A25F3F8D900CD0170 /* TableViewVisualAppTests */ = {
			isa = PBXNativeTarget;
			buildConfigurationList = 58AFE57225F3F8D900CD0170 /* Build configuration list for PBXNativeTarget "TableViewVisualAppTests" */;
			buildPhases = (
				58AFE55725F3F8D900CD0170 /* Sources */,
				58AFE55825F3F8D900CD0170 /* Frameworks */,
				58AFE55925F3F8D900CD0170 /* Resources */,
			);
			buildRules = (
			);
			dependencies = (
				58AFE55D25F3F8D900CD0170 /* PBXTargetDependency */,
			);
			name = TableViewVisualAppTests;
			productName = TableViewVisualAppTests;
			productReference = 58AFE55B25F3F8D900CD0170 /* TableViewVisualAppTests.xctest */;
			productType = "com.apple.product-type.bundle.unit-test";
		};
		58AFE56525F3F8D900CD0170 /* TableViewVisualAppUITests */ = {
			isa = PBXNativeTarget;
			buildConfigurationList = 58AFE57525F3F8D900CD0170 /* Build configuration list for PBXNativeTarget "TableViewVisualAppUITests" */;
			buildPhases = (
				58AFE56225F3F8D900CD0170 /* Sources */,
				58AFE56325F3F8D900CD0170 /* Frameworks */,
				58AFE56425F3F8D900CD0170 /* Resources */,
			);
			buildRules = (
			);
			dependencies = (
				58AFE56825F3F8D900CD0170 /* PBXTargetDependency */,
			);
			name = TableViewVisualAppUITests;
			productName = TableViewVisualAppUITests;
			productReference = 58AFE56625F3F8D900CD0170 /* TableViewVisualAppUITests.xctest */;
			productType = "com.apple.product-type.bundle.ui-testing";
		};
/* End PBXNativeTarget section */

/* Begin PBXProject section */
		58AFE53D25F3F8D000CD0170 /* Project object */ = {
			isa = PBXProject;
			attributes = {
				LastSwiftUpdateCheck = 1120;
				LastUpgradeCheck = 1120;
				ORGANIZATIONNAME = "Jim Brown";
				TargetAttributes = {
					58AFE54425F3F8D000CD0170 = {
						CreatedOnToolsVersion = 11.2.1;
					};
					58AFE55A25F3F8D900CD0170 = {
						CreatedOnToolsVersion = 11.2.1;
						TestTargetID = 58AFE54425F3F8D000CD0170;
					};
					58AFE56525F3F8D900CD0170 = {
						CreatedOnToolsVersion = 11.2.1;
						TestTargetID = 58AFE54425F3F8D000CD0170;
					};
				};
			};
			buildConfigurationList = 58AFE54025F3F8D000CD0170 /* Build configuration list for PBXProject "TableViewVisualApp" */;
			compatibilityVersion = "Xcode 9.3";
			developmentRegion = en;
			hasScannedForEncodings = 0;
			knownRegions = (
				en,
				Base,
			);
			mainGroup = 58AFE53C25F3F8D000CD0170;
			productRefGroup = 58AFE54625F3F8D000CD0170 /* Products */;
			projectDirPath = "";
			projectRoot = "";
			targets = (
				58AFE54425F3F8D000CD0170 /* TableViewVisualApp */,
				58AFE55A25F3F8D900CD0170 /* TableViewVisualAppTests */,
				58AFE56525F3F8D900CD0170 /* TableViewVisualAppUITests */,
			);
		};
/* End PBXProject section */

/* Begin PBXResourcesBuildPhase section */
		58AFE54325F3F8D000CD0170 /* Resources */ = {
			isa = PBXResourcesBuildPhase;
			buildActionMask = 2147483647;
			files = (
				58AFE55525F3F8D800CD0170 /* LaunchScreen.storyboard in Resources */,
				58AFE55225F3F8D800CD0170 /* Assets.xcassets in Resources */,
				58AFE55025F3F8D100CD0170 /* Main.storyboard in Resources */,
			);
			runOnlyForDeploymentPostprocessing = 0;
		};
		58AFE55925F3F8D900CD0170 /* Resources */ = {
			isa = PBXResourcesBuildPhase;
			buildActionMask = 2147483647;
			files = (
			);
			runOnlyForDeploymentPostprocessing = 0;
		};
		58AFE56425F3F8D900CD0170 /* Resources */ = {
			isa = PBXResourcesBuildPhase;
			buildActionMask = 2147483647;
			files = (
			);
			runOnlyForDeploymentPostprocessing = 0;
		};
/* End PBXResourcesBuildPhase section */

/* Begin PBXSourcesBuildPhase section */
		58AFE54125F3F8D000CD0170 /* Sources */ = {
			isa = PBXSourcesBuildPhase;
			buildActionMask = 2147483647;
			files = (
				58AFE54D25F3F8D000CD0170 /* ViewController.swift in Sources */,
				58AFE54925F3F8D000CD0170 /* AppDelegate.swift in Sources */,
				58AFE54B25F3F8D000CD0170 /* SceneDelegate.swift in Sources */,
			);
			runOnlyForDeploymentPostprocessing = 0;
		};
		58AFE55725F3F8D900CD0170 /* Sources */ = {
			isa = PBXSourcesBuildPhase;
			buildActionMask = 2147483647;
			files = (
				58AFE56025F3F8D900CD0170 /* TableViewVisualAppTests.swift in Sources */,
			);
			runOnlyForDeploymentPostprocessing = 0;
		};
		58AFE56225F3F8D900CD0170 /* Sources */ = {
			isa = PBXSourcesBuildPhase;
			buildActionMask = 2147483647;
			files = (
				58AFE56B25F3F8D900CD0170 /* TableViewVisualAppUITests.swift in Sources */,
			);
			runOnlyForDeploymentPostprocessing = 0;
		};
/* End PBXSourcesBuildPhase section */

/* Begin PBXTargetDependency section */
		58AFE55D25F3F8D900CD0170 /* PBXTargetDependency */ = {
			isa = PBXTargetDependency;
			target = 58AFE54425F3F8D000CD0170 /* TableViewVisualApp */;
			targetProxy = 58AFE55C25F3F8D900CD0170 /* PBXContainerItemProxy */;
		};
		58AFE56825F3F8D900CD0170 /* PBXTargetDependency */ = {
			isa = PBXTargetDependency;
			target = 58AFE54425F3F8D000CD0170 /* TableViewVisualApp */;
			targetProxy = 58AFE56725F3F8D900CD0170 /* PBXContainerItemProxy */;
		};
/* End PBXTargetDependency section */

/* Begin PBXVariantGroup section */
		58AFE54E25F3F8D100CD0170 /* Main.storyboard */ = {
			isa = PBXVariantGroup;
			children = (
				58AFE54F25F3F8D100CD0170 /* Base */,
			);
			name = Main.storyboard;
			sourceTree = "<group>";
		};
		58AFE55325F3F8D800CD0170 /* LaunchScreen.storyboard */ = {
			isa = PBXVariantGroup;
			children = (
				58AFE55425F3F8D800CD0170 /* Base */,
			);
			name = LaunchScreen.storyboard;
			sourceTree = "<group>";
		};
/* End PBXVariantGroup section */

/* Begin XCBuildConfiguration section */
		58AFE56D25F3F8D900CD0170 /* Debug */ = {
			isa = XCBuildConfiguration;
			buildSettings = {
				ALWAYS_SEARCH_USER_PATHS = NO;
				CLANG_ANALYZER_NONNULL = YES;
				CLANG_ANALYZER_NUMBER_OBJECT_CONVERSION = YES_AGGRESSIVE;
				CLANG_CXX_LANGUAGE_STANDARD = "gnu++14";
				CLANG_CXX_LIBRARY = "libc++";
				CLANG_ENABLE_MODULES = YES;
				CLANG_ENABLE_OBJC_ARC = YES;
				CLANG_ENABLE_OBJC_WEAK = YES;
				CLANG_WARN_BLOCK_CAPTURE_AUTORELEASING = YES;
				CLANG_WARN_BOOL_CONVERSION = YES;
				CLANG_WARN_COMMA = YES;
				CLANG_WARN_CONSTANT_CONVERSION = YES;
				CLANG_WARN_DEPRECATED_OBJC_IMPLEMENTATIONS = YES;
				CLANG_WARN_DIRECT_OBJC_ISA_USAGE = YES_ERROR;
				CLANG_WARN_DOCUMENTATION_COMMENTS = YES;
				CLANG_WARN_EMPTY_BODY = YES;
				CLANG_WARN_ENUM_CONVERSION = YES;
				CLANG_WARN_INFINITE_RECURSION = YES;
				CLANG_WARN_INT_CONVERSION = YES;
				CLANG_WARN_NON_LITERAL_NULL_CONVERSION = YES;
				CLANG_WARN_OBJC_IMPLICIT_RETAIN_SELF = YES;
				CLANG_WARN_OBJC_LITERAL_CONVERSION = YES;
				CLANG_WARN_OBJC_ROOT_CLASS = YES_ERROR;
				CLANG_WARN_RANGE_LOOP_ANALYSIS = YES;
				CLANG_WARN_STRICT_PROTOTYPES = YES;
				CLANG_WARN_SUSPICIOUS_MOVE = YES;
				CLANG_WARN_UNGUARDED_AVAILABILITY = YES_AGGRESSIVE;
				CLANG_WARN_UNREACHABLE_CODE = YES;
				CLANG_WARN__DUPLICATE_METHOD_MATCH = YES;
				COPY_PHASE_STRIP = NO;
				DEBUG_INFORMATION_FORMAT = dwarf;
				ENABLE_STRICT_OBJC_MSGSEND = YES;
				ENABLE_TESTABILITY = YES;
				GCC_C_LANGUAGE_STANDARD = gnu11;
				GCC_DYNAMIC_NO_PIC = NO;
				GCC_NO_COMMON_BLOCKS = YES;
				GCC_OPTIMIZATION_LEVEL = 0;
				GCC_PREPROCESSOR_DEFINITIONS = (
					"DEBUG=1",
					"$(inherited)",
				);
				GCC_WARN_64_TO_32_BIT_CONVERSION = YES;
				GCC_WARN_ABOUT_RETURN_TYPE = YES_ERROR;
				GCC_WARN_UNDECLARED_SELECTOR = YES;
				GCC_WARN_UNINITIALIZED_AUTOS = YES_AGGRESSIVE;
				GCC_WARN_UNUSED_FUNCTION = YES;
				GCC_WARN_UNUSED_VARIABLE = YES;
				IPHONEOS_DEPLOYMENT_TARGET = 13.2;
				MTL_ENABLE_DEBUG_INFO = INCLUDE_SOURCE;
				MTL_FAST_MATH = YES;
				ONLY_ACTIVE_ARCH = YES;
				SDKROOT = iphoneos;
				SWIFT_ACTIVE_COMPILATION_CONDITIONS = DEBUG;
				SWIFT_OPTIMIZATION_LEVEL = "-Onone";
			};
			name = Debug;
		};
		58AFE56E25F3F8D900CD0170 /* Release */ = {
			isa = XCBuildConfiguration;
			buildSettings = {
				ALWAYS_SEARCH_USER_PATHS = NO;
				CLANG_ANALYZER_NONNULL = YES;
				CLANG_ANALYZER_NUMBER_OBJECT_CONVERSION = YES_AGGRESSIVE;
				CLANG_CXX_LANGUAGE_STANDARD = "gnu++14";
				CLANG_CXX_LIBRARY = "libc++";
				CLANG_ENABLE_MODULES = YES;
				CLANG_ENABLE_OBJC_ARC = YES;
				CLANG_ENABLE_OBJC_WEAK = YES;
				CLANG_WARN_BLOCK_CAPTURE_AUTORELEASING = YES;
				CLANG_WARN_BOOL_CONVERSION = YES;
				CLANG_WARN_COMMA = YES;
				CLANG_WARN_CONSTANT_CONVERSION = YES;
				CLANG_WARN_DEPRECATED_OBJC_IMPLEMENTATIONS = YES;
				CLANG_WARN_DIRECT_OBJC_ISA_USAGE = YES_ERROR;
				CLANG_WARN_DOCUMENTATION_COMMENTS = YES;
				CLANG_WARN_EMPTY_BODY = YES;
				CLANG_WARN_ENUM_CONVERSION = YES;
				CLANG_WARN_INFINITE_RECURSION = YES;
				CLANG_WARN_INT_CONVERSION = YES;
				CLANG_WARN_NON_LITERAL_NULL_CONVERSION = YES;
				CLANG_WARN_OBJC_IMPLICIT_RETAIN_SELF = YES;
				CLANG_WARN_OBJC_LITERAL_CONVERSION = YES;
				CLANG_WARN_OBJC_ROOT_CLASS = YES_ERROR;
				CLANG_WARN_RANGE_LOOP_ANALYSIS = YES;
				CLANG_WARN_STRICT_PROTOTYPES = YES;
				CLANG_WARN_SUSPICIOUS_MOVE = YES;
				CLANG_WARN_UNGUARDED_AVAILABILITY = YES_AGGRESSIVE;
				CLANG_WARN_UNREACHABLE_CODE = YES;
				CLANG_WARN__DUPLICATE_METHOD_MATCH = YES;
				COPY_PHASE_STRIP = NO;
				DEBUG_INFORMATION_FORMAT = "dwarf-with-dsym";
				ENABLE_NS_ASSERTIONS = NO;
				ENABLE_STRICT_OBJC_MSGSEND = YES;
				GCC_C_LANGUAGE_STANDARD = gnu11;
				GCC_NO_COMMON_BLOCKS = YES;
				GCC_WARN_64_TO_32_BIT_CONVERSION = YES;
				GCC_WARN_ABOUT_RETURN_TYPE = YES_ERROR;
				GCC_WARN_UNDECLARED_SELECTOR = YES;
				GCC_WARN_UNINITIALIZED_AUTOS = YES_AGGRESSIVE;
				GCC_WARN_UNUSED_FUNCTION = YES;
				GCC_WARN_UNUSED_VARIABLE = YES;
				IPHONEOS_DEPLOYMENT_TARGET = 13.2;
				MTL_ENABLE_DEBUG_INFO = NO;
				MTL_FAST_MATH = YES;
				SDKROOT = iphoneos;
				SWIFT_COMPILATION_MODE = wholemodule;
				SWIFT_OPTIMIZATION_LEVEL = "-O";
				VALIDATE_PRODUCT = YES;
			};
			name = Release;
		};
		58AFE57025F3F8D900CD0170 /* Debug */ = {
			isa = XCBuildConfiguration;
			buildSettings = {
				ASSETCATALOG_COMPILER_APPICON_NAME = AppIcon;
				CODE_SIGN_STYLE = Automatic;
				INFOPLIST_FILE = TableViewVisualApp/Info.plist;
				LD_RUNPATH_SEARCH_PATHS = (
					"$(inherited)",
					"@executable_path/Frameworks",
				);
				PRODUCT_BUNDLE_IDENTIFIER = com.sps16.TableViewVisualApp;
				PRODUCT_NAME = "$(TARGET_NAME)";
				SWIFT_VERSION = 5.0;
				TARGETED_DEVICE_FAMILY = "1,2";
			};
			name = Debug;
		};
		58AFE57125F3F8D900CD0170 /* Release */ = {
			isa = XCBuildConfiguration;
			buildSettings = {
				ASSETCATALOG_COMPILER_APPICON_NAME = AppIcon;
				CODE_SIGN_STYLE = Automatic;
				INFOPLIST_FILE = TableViewVisualApp/Info.plist;
				LD_RUNPATH_SEARCH_PATHS = (
					"$(inherited)",
					"@executable_path/Frameworks",
				);
				PRODUCT_BUNDLE_IDENTIFIER = com.sps16.TableViewVisualApp;
				PRODUCT_NAME = "$(TARGET_NAME)";
				SWIFT_VERSION = 5.0;
				TARGETED_DEVICE_FAMILY = "1,2";
			};
			name = Release;
		};
		58AFE57325F3F8D900CD0170 /* Debug */ = {
			isa = XCBuildConfiguration;
			buildSettings = {
				ALWAYS_EMBED_SWIFT_STANDARD_LIBRARIES = YES;
				BUNDLE_LOADER = "$(TEST_HOST)";
				CODE_SIGN_STYLE = Automatic;
				INFOPLIST_FILE = TableViewVisualAppTests/Info.plist;
				IPHONEOS_DEPLOYMENT_TARGET = 13.2;
				LD_RUNPATH_SEARCH_PATHS = (
					"$(inherited)",
					"@executable_path/Frameworks",
					"@loader_path/Frameworks",
				);
				PRODUCT_BUNDLE_IDENTIFIER = com.sps16.TableViewVisualAppTests;
				PRODUCT_NAME = "$(TARGET_NAME)";
				SWIFT_VERSION = 5.0;
				TARGETED_DEVICE_FAMILY = "1,2";
				TEST_HOST = "$(BUILT_PRODUCTS_DIR)/TableViewVisualApp.app/TableViewVisualApp";
			};
			name = Debug;
		};
		58AFE57425F3F8D900CD0170 /* Release */ = {
			isa = XCBuildConfiguration;
			buildSettings = {
				ALWAYS_EMBED_SWIFT_STANDARD_LIBRARIES = YES;
				BUNDLE_LOADER = "$(TEST_HOST)";
				CODE_SIGN_STYLE = Automatic;
				INFOPLIST_FILE = TableViewVisualAppTests/Info.plist;
				IPHONEOS_DEPLOYMENT_TARGET = 13.2;
				LD_RUNPATH_SEARCH_PATHS = (
					"$(inherited)",
					"@executable_path/Frameworks",
					"@loader_path/Frameworks",
				);
				PRODUCT_BUNDLE_IDENTIFIER = com.sps16.TableViewVisualAppTests;
				PRODUCT_NAME = "$(TARGET_NAME)";
				SWIFT_VERSION = 5.0;
				TARGETED_DEVICE_FAMILY = "1,2";
				TEST_HOST = "$(BUILT_PRODUCTS_DIR)/TableViewVisualApp.app/TableViewVisualApp";
			};
			name = Release;
		};
		58AFE57625F3F8D900CD0170 /* Debug */ = {
			isa = XCBuildConfiguration;
			buildSettings = {
				ALWAYS_EMBED_SWIFT_STANDARD_LIBRARIES = YES;
				CODE_SIGN_STYLE = Automatic;
				INFOPLIST_FILE = TableViewVisualAppUITests/Info.plist;
				LD_RUNPATH_SEARCH_PATHS = (
					"$(inherited)",
					"@executable_path/Frameworks",
					"@loader_path/Frameworks",
				);
				PRODUCT_BUNDLE_IDENTIFIER = com.sps16.TableViewVisualAppUITests;
				PRODUCT_NAME = "$(TARGET_NAME)";
				SWIFT_VERSION = 5.0;
				TARGETED_DEVICE_FAMILY = "1,2";
				TEST_TARGET_NAME = TableViewVisualApp;
			};
			name = Debug;
		};
		58AFE57725F3F8D900CD0170 /* Release */ = {
			isa = XCBuildConfiguration;
			buildSettings = {
				ALWAYS_EMBED_SWIFT_STANDARD_LIBRARIES = YES;
				CODE_SIGN_STYLE = Automatic;
				INFOPLIST_FILE = TableViewVisualAppUITests/Info.plist;
				LD_RUNPATH_SEARCH_PATHS = (
					"$(inherited)",
					"@executable_path/Frameworks",
					"@loader_path/Frameworks",
				);
				PRODUCT_BUNDLE_IDENTIFIER = com.sps16.TableViewVisualAppUITests;
				PRODUCT_NAME = "$(TARGET_NAME)";
				SWIFT_VERSION = 5.0;
				TARGETED_DEVICE_FAMILY = "1,2";
				TEST_TARGET_NAME = TableViewVisualApp;
			};
			name = Release;
		};
/* End XCBuildConfiguration section */

/* Begin XCConfigurationList section */
		58AFE54025F3F8D000CD0170 /* Build configuration list for PBXProject "TableViewVisualApp" */ = {
			isa = XCConfigurationList;
			buildConfigurations = (
				58AFE56D25F3F8D900CD0170 /* Debug */,
				58AFE56E25F3F8D900CD0170 /* Release */,
			);
			defaultConfigurationIsVisible = 0;
			defaultConfigurationName = Release;
		};
		58AFE56F25F3F8D900CD0170 /* Build configuration list for PBXNativeTarget "TableViewVisualApp" */ = {
			isa = XCConfigurationList;
			buildConfigurations = (
				58AFE57025F3F8D900CD0170 /* Debug */,
				58AFE57125F3F8D900CD0170 /* Release */,
			);
			defaultConfigurationIsVisible = 0;
			defaultConfigurationName = Release;
		};
		58AFE57225F3F8D900CD0170 /* Build configuration list for PBXNativeTarget "TableViewVisualAppTests" */ = {
			isa = XCConfigurationList;
			buildConfigurations = (
				58AFE57325F3F8D900CD0170 /* Debug */,
				58AFE57425F3F8D900CD0170 /* Release */,
			);
			defaultConfigurationIsVisible = 0;
			defaultConfigurationName = Release;
		};
		58AFE57525F3F8D900CD0170 /* Build configuration list for PBXNativeTarget "TableViewVisualAppUITests" */ = {
			isa = XCConfigurationList;
			buildConfigurations = (
				58AFE57625F3F8D900CD0170 /* Debug */,
				58AFE57725F3F8D900CD0170 /* Release */,
			);
			defaultConfigurationIsVisible = 0;
			defaultConfigurationName = Release;
		};
/* End XCConfigurationList section */
	};
	rootObject = 58AFE53D25F3F8D000CD0170 /* Project object */;
}
