// !$*UTF8*$!
{
	archiveVersion = 1;
	classes = {
	};
	objectVersion = 50;
	objects = {

/* Begin PBXBuildFile section */
		58AFE5C125F5184300CD0170 /* AppDelegate.swift in Sources */ = {isa = PBXBuildFile; fileRef = 58AFE5C025F5184300CD0170 /* AppDelegate.swift */; };
		58AFE5C325F5184300CD0170 /* SceneDelegate.swift in Sources */ = {isa = PBXBuildFile; fileRef = 58AFE5C225F5184300CD0170 /* SceneDelegate.swift */; };
		58AFE5C525F5184300CD0170 /* ViewController.swift in Sources */ = {isa = PBXBuildFile; fileRef = 58AFE5C425F5184300CD0170 /* ViewController.swift */; };
		58AFE5C825F5184300CD0170 /* Main.storyboard in Resources */ = {isa = PBXBuildFile; fileRef = 58AFE5C625F5184300CD0170 /* Main.storyboard */; };
		58AFE5CA25F5184B00CD0170 /* Assets.xcassets in Resources */ = {isa = PBXBuildFile; fileRef = 58AFE5C925F5184B00CD0170 /* Assets.xcassets */; };
		58AFE5CD25F5184B00CD0170 /* LaunchScreen.storyboard in Resources */ = {isa = PBXBuildFile; fileRef = 58AFE5CB25F5184B00CD0170 /* LaunchScreen.storyboard */; };
		58AFE5D825F5184C00CD0170 /* TableViewIndexAppTests.swift in Sources */ = {isa = PBXBuildFile; fileRef = 58AFE5D725F5184C00CD0170 /* TableViewIndexAppTests.swift */; };
		58AFE5E325F5184C00CD0170 /* TableViewIndexAppUITests.swift in Sources */ = {isa = PBXBuildFile; fileRef = 58AFE5E225F5184C00CD0170 /* TableViewIndexAppUITests.swift */; };
/* End PBXBuildFile section */

/* Begin PBXContainerItemProxy section */
		58AFE5D425F5184C00CD0170 /* PBXContainerItemProxy */ = {
			isa = PBXContainerItemProxy;
			containerPortal = 58AFE5B525F5184300CD0170 /* Project object */;
			proxyType = 1;
			remoteGlobalIDString = 58AFE5BC25F5184300CD0170;
			remoteInfo = TableViewIndexApp;
		};
		58AFE5DF25F5184C00CD0170 /* PBXContainerItemProxy */ = {
			isa = PBXContainerItemProxy;
			containerPortal = 58AFE5B525F5184300CD0170 /* Project object */;
			proxyType = 1;
			remoteGlobalIDString = 58AFE5BC25F5184300CD0170;
			remoteInfo = TableViewIndexApp;
		};
/* End PBXContainerItemProxy section */

/* Begin PBXFileReference section */
		58AFE5BD25F5184300CD0170 /* TableViewIndexApp.app */ = {isa = PBXFileReference; explicitFileType = wrapper.application; includeInIndex = 0; path = TableViewIndexApp.app; sourceTree = BUILT_PRODUCTS_DIR; };
		58AFE5C025F5184300CD0170 /* AppDelegate.swift */ = {isa = PBXFileReference; lastKnownFileType = sourcecode.swift; path = AppDelegate.swift; sourceTree = "<group>"; };
		58AFE5C225F5184300CD0170 /* SceneDelegate.swift */ = {isa = PBXFileReference; lastKnownFileType = sourcecode.swift; path = SceneDelegate.swift; sourceTree = "<group>"; };
		58AFE5C425F5184300CD0170 /* ViewController.swift */ = {isa = PBXFileReference; lastKnownFileType = sourcecode.swift; path = ViewController.swift; sourceTree = "<group>"; };
		58AFE5C725F5184300CD0170 /* Base */ = {isa = PBXFileReference; lastKnownFileType = file.storyboard; name = Base; path = Base.lproj/Main.storyboard; sourceTree = "<group>"; };
		58AFE5C925F5184B00CD0170 /* Assets.xcassets */ = {isa = PBXFileReference; lastKnownFileType = folder.assetcatalog; path = Assets.xcassets; sourceTree = "<group>"; };
		58AFE5CC25F5184B00CD0170 /* Base */ = {isa = PBXFileReference; lastKnownFileType = file.storyboard; name = Base; path = Base.lproj/LaunchScreen.storyboard; sourceTree = "<group>"; };
		58AFE5CE25F5184B00CD0170 /* Info.plist */ = {isa = PBXFileReference; lastKnownFileType = text.plist.xml; path = Info.plist; sourceTree = "<group>"; };
		58AFE5D325F5184C00CD0170 /* TableViewIndexAppTests.xctest */ = {isa = PBXFileReference; explicitFileType = wrapper.cfbundle; includeInIndex = 0; path = TableViewIndexAppTests.xctest; sourceTree = BUILT_PRODUCTS_DIR; };
		58AFE5D725F5184C00CD0170 /* TableViewIndexAppTests.swift */ = {isa = PBXFileReference; lastKnownFileType = sourcecode.swift; path = TableViewIndexAppTests.swift; sourceTree = "<group>"; };
		58AFE5D925F5184C00CD0170 /* Info.plist */ = {isa = PBXFileReference; lastKnownFileType = text.plist.xml; path = Info.plist; sourceTree = "<group>"; };
		58AFE5DE25F5184C00CD0170 /* TableViewIndexAppUITests.xctest */ = {isa = PBXFileReference; explicitFileType = wrapper.cfbundle; includeInIndex = 0; path = TableViewIndexAppUITests.xctest; sourceTree = BUILT_PRODUCTS_DIR; };
		58AFE5E225F5184C00CD0170 /* TableViewIndexAppUITests.swift */ = {isa = PBXFileReference; lastKnownFileType = sourcecode.swift; path = TableViewIndexAppUITests.swift; sourceTree = "<group>"; };
		58AFE5E425F5184C00CD0170 /* Info.plist */ = {isa = PBXFileReference; lastKnownFileType = text.plist.xml; path = Info.plist; sourceTree = "<group>"; };
/* End PBXFileReference section */

/* Begin PBXFrameworksBuildPhase section */
		58AFE5BA25F5184300CD0170 /* Frameworks */ = {
			isa = PBXFrameworksBuildPhase;
			buildActionMask = 2147483647;
			files = (
			);
			runOnlyForDeploymentPostprocessing = 0;
		};
		58AFE5D025F5184C00CD0170 /* Frameworks */ = {
			isa = PBXFrameworksBuildPhase;
			buildActionMask = 2147483647;
			files = (
			);
			runOnlyForDeploymentPostprocessing = 0;
		};
		58AFE5DB25F5184C00CD0170 /* Frameworks */ = {
			isa = PBXFrameworksBuildPhase;
			buildActionMask = 2147483647;
			files = (
			);
			runOnlyForDeploymentPostprocessing = 0;
		};
/* End PBXFrameworksBuildPhase section */

/* Begin PBXGroup section */
		58AFE5B425F5184300CD0170 = {
			isa = PBXGroup;
			children = (
				58AFE5BF25F5184300CD0170 /* TableViewIndexApp */,
				58AFE5D625F5184C00CD0170 /* TableViewIndexAppTests */,
				58AFE5E125F5184C00CD0170 /* TableViewIndexAppUITests */,
				58AFE5BE25F5184300CD0170 /* Products */,
			);
			sourceTree = "<group>";
		};
		58AFE5BE25F5184300CD0170 /* Products */ = {
			isa = PBXGroup;
			children = (
				58AFE5BD25F5184300CD0170 /* TableViewIndexApp.app */,
				58AFE5D325F5184C00CD0170 /* TableViewIndexAppTests.xctest */,
				58AFE5DE25F5184C00CD0170 /* TableViewIndexAppUITests.xctest */,
			);
			name = Products;
			sourceTree = "<group>";
		};
		58AFE5BF25F5184300CD0170 /* TableViewIndexApp */ = {
			isa = PBXGroup;
			children = (
				58AFE5C025F5184300CD0170 /* AppDelegate.swift */,
				58AFE5C225F5184300CD0170 /* SceneDelegate.swift */,
				58AFE5C425F5184300CD0170 /* ViewController.swift */,
				58AFE5C625F5184300CD0170 /* Main.storyboard */,
				58AFE5C925F5184B00CD0170 /* Assets.xcassets */,
				58AFE5CB25F5184B00CD0170 /* LaunchScreen.storyboard */,
				58AFE5CE25F5184B00CD0170 /* Info.plist */,
			);
			path = TableViewIndexApp;
			sourceTree = "<group>";
		};
		58AFE5D625F5184C00CD0170 /* TableViewIndexAppTests */ = {
			isa = PBXGroup;
			children = (
				58AFE5D725F5184C00CD0170 /* TableViewIndexAppTests.swift */,
				58AFE5D925F5184C00CD0170 /* Info.plist */,
			);
			path = TableViewIndexAppTests;
			sourceTree = "<group>";
		};
		58AFE5E125F5184C00CD0170 /* TableViewIndexAppUITests */ = {
			isa = PBXGroup;
			children = (
				58AFE5E225F5184C00CD0170 /* TableViewIndexAppUITests.swift */,
				58AFE5E425F5184C00CD0170 /* Info.plist */,
			);
			path = TableViewIndexAppUITests;
			sourceTree = "<group>";
		};
/* End PBXGroup section */

/* Begin PBXNativeTarget section */
		58AFE5BC25F5184300CD0170 /* TableViewIndexApp */ = {
			isa = PBXNativeTarget;
			buildConfigurationList = 58AFE5E725F5184C00CD0170 /* Build configuration list for PBXNativeTarget "TableViewIndexApp" */;
			buildPhases = (
				58AFE5B925F5184300CD0170 /* Sources */,
				58AFE5BA25F5184300CD0170 /* Frameworks */,
				58AFE5BB25F5184300CD0170 /* Resources */,
			);
			buildRules = (
			);
			dependencies = (
			);
			name = TableViewIndexApp;
			productName = TableViewIndexApp;
			productReference = 58AFE5BD25F5184300CD0170 /* TableViewIndexApp.app */;
			productType = "com.apple.product-type.application";
		};
		58AFE5D225F5184C00CD0170 /* TableViewIndexAppTests */ = {
			isa = PBXNativeTarget;
			buildConfigurationList = 58AFE5EA25F5184C00CD0170 /* Build configuration list for PBXNativeTarget "TableViewIndexAppTests" */;
			buildPhases = (
				58AFE5CF25F5184C00CD0170 /* Sources */,
				58AFE5D025F5184C00CD0170 /* Frameworks */,
				58AFE5D125F5184C00CD0170 /* Resources */,
			);
			buildRules = (
			);
			dependencies = (
				58AFE5D525F5184C00CD0170 /* PBXTargetDependency */,
			);
			name = TableViewIndexAppTests;
			productName = TableViewIndexAppTests;
			productReference = 58AFE5D325F5184C00CD0170 /* TableViewIndexAppTests.xctest */;
			productType = "com.apple.product-type.bundle.unit-test";
		};
		58AFE5DD25F5184C00CD0170 /* TableViewIndexAppUITests */ = {
			isa = PBXNativeTarget;
			buildConfigurationList = 58AFE5ED25F5184C00CD0170 /* Build configuration list for PBXNativeTarget "TableViewIndexAppUITests" */;
			buildPhases = (
				58AFE5DA25F5184C00CD0170 /* Sources */,
				58AFE5DB25F5184C00CD0170 /* Frameworks */,
				58AFE5DC25F5184C00CD0170 /* Resources */,
			);
			buildRules = (
			);
			dependencies = (
				58AFE5E025F5184C00CD0170 /* PBXTargetDependency */,
			);
			name = TableViewIndexAppUITests;
			productName = TableViewIndexAppUITests;
			productReference = 58AFE5DE25F5184C00CD0170 /* TableViewIndexAppUITests.xctest */;
			productType = "com.apple.product-type.bundle.ui-testing";
		};
/* End PBXNativeTarget section */

/* Begin PBXProject section */
		58AFE5B525F5184300CD0170 /* Project object */ = {
			isa = PBXProject;
			attributes = {
				LastSwiftUpdateCheck = 1120;
				LastUpgradeCheck = 1120;
				ORGANIZATIONNAME = "Jim Brown";
				TargetAttributes = {
					58AFE5BC25F5184300CD0170 = {
						CreatedOnToolsVersion = 11.2.1;
					};
					58AFE5D225F5184C00CD0170 = {
						CreatedOnToolsVersion = 11.2.1;
						TestTargetID = 58AFE5BC25F5184300CD0170;
					};
					58AFE5DD25F5184C00CD0170 = {
						CreatedOnToolsVersion = 11.2.1;
						TestTargetID = 58AFE5BC25F5184300CD0170;
					};
				};
			};
			buildConfigurationList = 58AFE5B825F5184300CD0170 /* Build configuration list for PBXProject "TableViewIndexApp" */;
			compatibilityVersion = "Xcode 9.3";
			developmentRegion = en;
			hasScannedForEncodings = 0;
			knownRegions = (
				en,
				Base,
			);
			mainGroup = 58AFE5B425F5184300CD0170;
			productRefGroup = 58AFE5BE25F5184300CD0170 /* Products */;
			projectDirPath = "";
			projectRoot = "";
			targets = (
				58AFE5BC25F5184300CD0170 /* TableViewIndexApp */,
				58AFE5D225F5184C00CD0170 /* TableViewIndexAppTests */,
				58AFE5DD25F5184C00CD0170 /* TableViewIndexAppUITests */,
			);
		};
/* End PBXProject section */

/* Begin PBXResourcesBuildPhase section */
		58AFE5BB25F5184300CD0170 /* Resources */ = {
			isa = PBXResourcesBuildPhase;
			buildActionMask = 2147483647;
			files = (
				58AFE5CD25F5184B00CD0170 /* LaunchScreen.storyboard in Resources */,
				58AFE5CA25F5184B00CD0170 /* Assets.xcassets in Resources */,
				58AFE5C825F5184300CD0170 /* Main.storyboard in Resources */,
			);
			runOnlyForDeploymentPostprocessing = 0;
		};
		58AFE5D125F5184C00CD0170 /* Resources */ = {
			isa = PBXResourcesBuildPhase;
			buildActionMask = 2147483647;
			files = (
			);
			runOnlyForDeploymentPostprocessing = 0;
		};
		58AFE5DC25F5184C00CD0170 /* Resources */ = {
			isa = PBXResourcesBuildPhase;
			buildActionMask = 2147483647;
			files = (
			);
			runOnlyForDeploymentPostprocessing = 0;
		};
/* End PBXResourcesBuildPhase section */

/* Begin PBXSourcesBuildPhase section */
		58AFE5B925F5184300CD0170 /* Sources */ = {
			isa = PBXSourcesBuildPhase;
			buildActionMask = 2147483647;
			files = (
				58AFE5C525F5184300CD0170 /* ViewController.swift in Sources */,
				58AFE5C125F5184300CD0170 /* AppDelegate.swift in Sources */,
				58AFE5C325F5184300CD0170 /* SceneDelegate.swift in Sources */,
			);
			runOnlyForDeploymentPostprocessing = 0;
		};
		58AFE5CF25F5184C00CD0170 /* Sources */ = {
			isa = PBXSourcesBuildPhase;
			buildActionMask = 2147483647;
			files = (
				58AFE5D825F5184C00CD0170 /* TableViewIndexAppTests.swift in Sources */,
			);
			runOnlyForDeploymentPostprocessing = 0;
		};
		58AFE5DA25F5184C00CD0170 /* Sources */ = {
			isa = PBXSourcesBuildPhase;
			buildActionMask = 2147483647;
			files = (
				58AFE5E325F5184C00CD0170 /* TableViewIndexAppUITests.swift in Sources */,
			);
			runOnlyForDeploymentPostprocessing = 0;
		};
/* End PBXSourcesBuildPhase section */

/* Begin PBXTargetDependency section */
		58AFE5D525F5184C00CD0170 /* PBXTargetDependency */ = {
			isa = PBXTargetDependency;
			target = 58AFE5BC25F5184300CD0170 /* TableViewIndexApp */;
			targetProxy = 58AFE5D425F5184C00CD0170 /* PBXContainerItemProxy */;
		};
		58AFE5E025F5184C00CD0170 /* PBXTargetDependency */ = {
			isa = PBXTargetDependency;
			target = 58AFE5BC25F5184300CD0170 /* TableViewIndexApp */;
			targetProxy = 58AFE5DF25F5184C00CD0170 /* PBXContainerItemProxy */;
		};
/* End PBXTargetDependency section */

/* Begin PBXVariantGroup section */
		58AFE5C625F5184300CD0170 /* Main.storyboard */ = {
			isa = PBXVariantGroup;
			children = (
				58AFE5C725F5184300CD0170 /* Base */,
			);
			name = Main.storyboard;
			sourceTree = "<group>";
		};
		58AFE5CB25F5184B00CD0170 /* LaunchScreen.storyboard */ = {
			isa = PBXVariantGroup;
			children = (
				58AFE5CC25F5184B00CD0170 /* Base */,
			);
			name = LaunchScreen.storyboard;
			sourceTree = "<group>";
		};
/* End PBXVariantGroup section */

/* Begin XCBuildConfiguration section */
		58AFE5E525F5184C00CD0170 /* Debug */ = {
			isa = XCBuildConfiguration;
			buildSettings = {
				ALWAYS_SEARCH_USER_PATHS = NO;
				CLANG_ANALYZER_NONNULL = YES;
				CLANG_ANALYZER_NUMBER_OBJECT_CONVERSION = YES_AGGRESSIVE;
				CLANG_CXX_LANGUAGE_STANDARD = "gnu++14";
				CLANG_CXX_LIBRARY = "libc++";
				CLANG_ENABLE_MODULES = YES;
				CLANG_ENABLE_OBJC_ARC = YES;
				CLANG_ENABLE_OBJC_WEAK = YES;
				CLANG_WARN_BLOCK_CAPTURE_AUTORELEASING = YES;
				CLANG_WARN_BOOL_CONVERSION = YES;
				CLANG_WARN_COMMA = YES;
				CLANG_WARN_CONSTANT_CONVERSION = YES;
				CLANG_WARN_DEPRECATED_OBJC_IMPLEMENTATIONS = YES;
				CLANG_WARN_DIRECT_OBJC_ISA_USAGE = YES_ERROR;
				CLANG_WARN_DOCUMENTATION_COMMENTS = YES;
				CLANG_WARN_EMPTY_BODY = YES;
				CLANG_WARN_ENUM_CONVERSION = YES;
				CLANG_WARN_INFINITE_RECURSION = YES;
				CLANG_WARN_INT_CONVERSION = YES;
				CLANG_WARN_NON_LITERAL_NULL_CONVERSION = YES;
				CLANG_WARN_OBJC_IMPLICIT_RETAIN_SELF = YES;
				CLANG_WARN_OBJC_LITERAL_CONVERSION = YES;
				CLANG_WARN_OBJC_ROOT_CLASS = YES_ERROR;
				CLANG_WARN_RANGE_LOOP_ANALYSIS = YES;
				CLANG_WARN_STRICT_PROTOTYPES = YES;
				CLANG_WARN_SUSPICIOUS_MOVE = YES;
				CLANG_WARN_UNGUARDED_AVAILABILITY = YES_AGGRESSIVE;
				CLANG_WARN_UNREACHABLE_CODE = YES;
				CLANG_WARN__DUPLICATE_METHOD_MATCH = YES;
				COPY_PHASE_STRIP = NO;
				DEBUG_INFORMATION_FORMAT = dwarf;
				ENABLE_STRICT_OBJC_MSGSEND = YES;
				ENABLE_TESTABILITY = YES;
				GCC_C_LANGUAGE_STANDARD = gnu11;
				GCC_DYNAMIC_NO_PIC = NO;
				GCC_NO_COMMON_BLOCKS = YES;
				GCC_OPTIMIZATION_LEVEL = 0;
				GCC_PREPROCESSOR_DEFINITIONS = (
					"DEBUG=1",
					"$(inherited)",
				);
				GCC_WARN_64_TO_32_BIT_CONVERSION = YES;
				GCC_WARN_ABOUT_RETURN_TYPE = YES_ERROR;
				GCC_WARN_UNDECLARED_SELECTOR = YES;
				GCC_WARN_UNINITIALIZED_AUTOS = YES_AGGRESSIVE;
				GCC_WARN_UNUSED_FUNCTION = YES;
				GCC_WARN_UNUSED_VARIABLE = YES;
				IPHONEOS_DEPLOYMENT_TARGET = 13.2;
				MTL_ENABLE_DEBUG_INFO = INCLUDE_SOURCE;
				MTL_FAST_MATH = YES;
				ONLY_ACTIVE_ARCH = YES;
				SDKROOT = iphoneos;
				SWIFT_ACTIVE_COMPILATION_CONDITIONS = DEBUG;
				SWIFT_OPTIMIZATION_LEVEL = "-Onone";
			};
			name = Debug;
		};
		58AFE5E625F5184C00CD0170 /* Release */ = {
			isa = XCBuildConfiguration;
			buildSettings = {
				ALWAYS_SEARCH_USER_PATHS = NO;
				CLANG_ANALYZER_NONNULL = YES;
				CLANG_ANALYZER_NUMBER_OBJECT_CONVERSION = YES_AGGRESSIVE;
				CLANG_CXX_LANGUAGE_STANDARD = "gnu++14";
				CLANG_CXX_LIBRARY = "libc++";
				CLANG_ENABLE_MODULES = YES;
				CLANG_ENABLE_OBJC_ARC = YES;
				CLANG_ENABLE_OBJC_WEAK = YES;
				CLANG_WARN_BLOCK_CAPTURE_AUTORELEASING = YES;
				CLANG_WARN_BOOL_CONVERSION = YES;
				CLANG_WARN_COMMA = YES;
				CLANG_WARN_CONSTANT_CONVERSION = YES;
				CLANG_WARN_DEPRECATED_OBJC_IMPLEMENTATIONS = YES;
				CLANG_WARN_DIRECT_OBJC_ISA_USAGE = YES_ERROR;
				CLANG_WARN_DOCUMENTATION_COMMENTS = YES;
				CLANG_WARN_EMPTY_BODY = YES;
				CLANG_WARN_ENUM_CONVERSION = YES;
				CLANG_WARN_INFINITE_RECURSION = YES;
				CLANG_WARN_INT_CONVERSION = YES;
				CLANG_WARN_NON_LITERAL_NULL_CONVERSION = YES;
				CLANG_WARN_OBJC_IMPLICIT_RETAIN_SELF = YES;
				CLANG_WARN_OBJC_LITERAL_CONVERSION = YES;
				CLANG_WARN_OBJC_ROOT_CLASS = YES_ERROR;
				CLANG_WARN_RANGE_LOOP_ANALYSIS = YES;
				CLANG_WARN_STRICT_PROTOTYPES = YES;
				CLANG_WARN_SUSPICIOUS_MOVE = YES;
				CLANG_WARN_UNGUARDED_AVAILABILITY = YES_AGGRESSIVE;
				CLANG_WARN_UNREACHABLE_CODE = YES;
				CLANG_WARN__DUPLICATE_METHOD_MATCH = YES;
				COPY_PHASE_STRIP = NO;
				DEBUG_INFORMATION_FORMAT = "dwarf-with-dsym";
				ENABLE_NS_ASSERTIONS = NO;
				ENABLE_STRICT_OBJC_MSGSEND = YES;
				GCC_C_LANGUAGE_STANDARD = gnu11;
				GCC_NO_COMMON_BLOCKS = YES;
				GCC_WARN_64_TO_32_BIT_CONVERSION = YES;
				GCC_WARN_ABOUT_RETURN_TYPE = YES_ERROR;
				GCC_WARN_UNDECLARED_SELECTOR = YES;
				GCC_WARN_UNINITIALIZED_AUTOS = YES_AGGRESSIVE;
				GCC_WARN_UNUSED_FUNCTION = YES;
				GCC_WARN_UNUSED_VARIABLE = YES;
				IPHONEOS_DEPLOYMENT_TARGET = 13.2;
				MTL_ENABLE_DEBUG_INFO = NO;
				MTL_FAST_MATH = YES;
				SDKROOT = iphoneos;
				SWIFT_COMPILATION_MODE = wholemodule;
				SWIFT_OPTIMIZATION_LEVEL = "-O";
				VALIDATE_PRODUCT = YES;
			};
			name = Release;
		};
		58AFE5E825F5184C00CD0170 /* Debug */ = {
			isa = XCBuildConfiguration;
			buildSettings = {
				ASSETCATALOG_COMPILER_APPICON_NAME = AppIcon;
				CODE_SIGN_STYLE = Automatic;
				INFOPLIST_FILE = TableViewIndexApp/Info.plist;
				LD_RUNPATH_SEARCH_PATHS = (
					"$(inherited)",
					"@executable_path/Frameworks",
				);
				PRODUCT_BUNDLE_IDENTIFIER = com.sps16.TableViewIndexApp;
				PRODUCT_NAME = "$(TARGET_NAME)";
				SWIFT_VERSION = 5.0;
				TARGETED_DEVICE_FAMILY = "1,2";
			};
			name = Debug;
		};
		58AFE5E925F5184C00CD0170 /* Release */ = {
			isa = XCBuildConfiguration;
			buildSettings = {
				ASSETCATALOG_COMPILER_APPICON_NAME = AppIcon;
				CODE_SIGN_STYLE = Automatic;
				INFOPLIST_FILE = TableViewIndexApp/Info.plist;
				LD_RUNPATH_SEARCH_PATHS = (
					"$(inherited)",
					"@executable_path/Frameworks",
				);
				PRODUCT_BUNDLE_IDENTIFIER = com.sps16.TableViewIndexApp;
				PRODUCT_NAME = "$(TARGET_NAME)";
				SWIFT_VERSION = 5.0;
				TARGETED_DEVICE_FAMILY = "1,2";
			};
			name = Release;
		};
		58AFE5EB25F5184C00CD0170 /* Debug */ = {
			isa = XCBuildConfiguration;
			buildSettings = {
				ALWAYS_EMBED_SWIFT_STANDARD_LIBRARIES = YES;
				BUNDLE_LOADER = "$(TEST_HOST)";
				CODE_SIGN_STYLE = Automatic;
				INFOPLIST_FILE = TableViewIndexAppTests/Info.plist;
				IPHONEOS_DEPLOYMENT_TARGET = 13.2;
				LD_RUNPATH_SEARCH_PATHS = (
					"$(inherited)",
					"@executable_path/Frameworks",
					"@loader_path/Frameworks",
				);
				PRODUCT_BUNDLE_IDENTIFIER = com.sps16.TableViewIndexAppTests;
				PRODUCT_NAME = "$(TARGET_NAME)";
				SWIFT_VERSION = 5.0;
				TARGETED_DEVICE_FAMILY = "1,2";
				TEST_HOST = "$(BUILT_PRODUCTS_DIR)/TableViewIndexApp.app/TableViewIndexApp";
			};
			name = Debug;
		};
		58AFE5EC25F5184C00CD0170 /* Release */ = {
			isa = XCBuildConfiguration;
			buildSettings = {
				ALWAYS_EMBED_SWIFT_STANDARD_LIBRARIES = YES;
				BUNDLE_LOADER = "$(TEST_HOST)";
				CODE_SIGN_STYLE = Automatic;
				INFOPLIST_FILE = TableViewIndexAppTests/Info.plist;
				IPHONEOS_DEPLOYMENT_TARGET = 13.2;
				LD_RUNPATH_SEARCH_PATHS = (
					"$(inherited)",
					"@executable_path/Frameworks",
					"@loader_path/Frameworks",
				);
				PRODUCT_BUNDLE_IDENTIFIER = com.sps16.TableViewIndexAppTests;
				PRODUCT_NAME = "$(TARGET_NAME)";
				SWIFT_VERSION = 5.0;
				TARGETED_DEVICE_FAMILY = "1,2";
				TEST_HOST = "$(BUILT_PRODUCTS_DIR)/TableViewIndexApp.app/TableViewIndexApp";
			};
			name = Release;
		};
		58AFE5EE25F5184C00CD0170 /* Debug */ = {
			isa = XCBuildConfiguration;
			buildSettings = {
				ALWAYS_EMBED_SWIFT_STANDARD_LIBRARIES = YES;
				CODE_SIGN_STYLE = Automatic;
				INFOPLIST_FILE = TableViewIndexAppUITests/Info.plist;
				LD_RUNPATH_SEARCH_PATHS = (
					"$(inherited)",
					"@executable_path/Frameworks",
					"@loader_path/Frameworks",
				);
				PRODUCT_BUNDLE_IDENTIFIER = com.sps16.TableViewIndexAppUITests;
				PRODUCT_NAME = "$(TARGET_NAME)";
				SWIFT_VERSION = 5.0;
				TARGETED_DEVICE_FAMILY = "1,2";
				TEST_TARGET_NAME = TableViewIndexApp;
			};
			name = Debug;
		};
		58AFE5EF25F5184C00CD0170 /* Release */ = {
			isa = XCBuildConfiguration;
			buildSettings = {
				ALWAYS_EMBED_SWIFT_STANDARD_LIBRARIES = YES;
				CODE_SIGN_STYLE = Automatic;
				INFOPLIST_FILE = TableViewIndexAppUITests/Info.plist;
				LD_RUNPATH_SEARCH_PATHS = (
					"$(inherited)",
					"@executable_path/Frameworks",
					"@loader_path/Frameworks",
				);
				PRODUCT_BUNDLE_IDENTIFIER = com.sps16.TableViewIndexAppUITests;
				PRODUCT_NAME = "$(TARGET_NAME)";
				SWIFT_VERSION = 5.0;
				TARGETED_DEVICE_FAMILY = "1,2";
				TEST_TARGET_NAME = TableViewIndexApp;
			};
			name = Release;
		};
/* End XCBuildConfiguration section */

/* Begin XCConfigurationList section */
		58AFE5B825F5184300CD0170 /* Build configuration list for PBXProject "TableViewIndexApp" */ = {
			isa = XCConfigurationList;
			buildConfigurations = (
				58AFE5E525F5184C00CD0170 /* Debug */,
				58AFE5E625F5184C00CD0170 /* Release */,
			);
			defaultConfigurationIsVisible = 0;
			defaultConfigurationName = Release;
		};
		58AFE5E725F5184C00CD0170 /* Build configuration list for PBXNativeTarget "TableViewIndexApp" */ = {
			isa = XCConfigurationList;
			buildConfigurations = (
				58AFE5E825F5184C00CD0170 /* Debug */,
				58AFE5E925F5184C00CD0170 /* Release */,
			);
			defaultConfigurationIsVisible = 0;
			defaultConfigurationName = Release;
		};
		58AFE5EA25F5184C00CD0170 /* Build configuration list for PBXNativeTarget "TableViewIndexAppTests" */ = {
			isa = XCConfigurationList;
			buildConfigurations = (
				58AFE5EB25F5184C00CD0170 /* Debug */,
				58AFE5EC25F5184C00CD0170 /* Release */,
			);
			defaultConfigurationIsVisible = 0;
			defaultConfigurationName = Release;
		};
		58AFE5ED25F5184C00CD0170 /* Build configuration list for PBXNativeTarget "TableViewIndexAppUITests" */ = {
			isa = XCConfigurationList;
			buildConfigurations = (
				58AFE5EE25F5184C00CD0170 /* Debug */,
				58AFE5EF25F5184C00CD0170 /* Release */,
			);
			defaultConfigurationIsVisible = 0;
			defaultConfigurationName = Release;
		};
/* End XCConfigurationList section */
	};
	rootObject = 58AFE5B525F5184300CD0170 /* Project object */;
}
